
Microsoft Visual Studio Solution File, Format Version 12.00
# Visual Studio Version 16
VisualStudioVersion = 16.0.32901.82
MinimumVisualStudioVersion = 10.0.40219.1
Project("{FAE04EC0-301F-11D3-BF4B-00C04F79EFBC}") = "L14_OAHB_1088321", "L14_OAHB_1088321.csproj", "{C7FA539B-A240-44D7-B22E-4F0DBEB76779}"
EndProject
Global
	GlobalSection(SolutionConfigurationPlatforms) = preSolution
		Debug|Any CPU = Debug|Any CPU
		Release|Any CPU = Release|Any CPU
	EndGlobalSection
	GlobalSection(ProjectConfigurationPlatforms) = postSolution
		{C7FA539B-A240-44D7-B22E-4F0DBEB76779}.Debug|Any CPU.ActiveCfg = Debug|Any CPU
		{C7FA539B-A240-44D7-B22E-4F0DBEB76779}.Debug|Any CPU.Build.0 = Debug|Any CPU
		{C7FA539B-A240-44D7-B22E-4F0DBEB76779}.Release|Any CPU.ActiveCfg = Release|Any CPU
		{C7FA539B-A240-44D7-B22E-4F0DBEB76779}.Release|Any CPU.Build.0 = Release|Any CPU
	EndGlobalSection
	GlobalSection(SolutionProperties) = preSolution
		HideSolutionNode = FALSE
	EndGlobalSection
	GlobalSection(ExtensibilityGlobals) = postSolution
		SolutionGuid = {A2FC4518-B60E-488C-8B51-F459EDA8021E}
	EndGlobalSection
EndGlobal
