
Microsoft Visual Studio Solution File, Format Version 12.00
# Visual Studio Version 16
VisualStudioVersion = 16.0.32901.82
MinimumVisualStudioVersion = 10.0.40219.1
Project("{FAE04EC0-301F-11D3-BF4B-00C04F79EFBC}") = "L7_TAREA_1088321", "L7_TAREA_1088321.csproj", "{761F56F3-B13F-4551-95A5-C3D568B600FD}"
EndProject
Global
	GlobalSection(SolutionConfigurationPlatforms) = preSolution
		Debug|Any CPU = Debug|Any CPU
		Release|Any CPU = Release|Any CPU
	EndGlobalSection
	GlobalSection(ProjectConfigurationPlatforms) = postSolution
		{761F56F3-B13F-4551-95A5-C3D568B600FD}.Debug|Any CPU.ActiveCfg = Debug|Any CPU
		{761F56F3-B13F-4551-95A5-C3D568B600FD}.Debug|Any CPU.Build.0 = Debug|Any CPU
		{761F56F3-B13F-4551-95A5-C3D568B600FD}.Release|Any CPU.ActiveCfg = Release|Any CPU
		{761F56F3-B13F-4551-95A5-C3D568B600FD}.Release|Any CPU.Build.0 = Release|Any CPU
	EndGlobalSection
	GlobalSection(SolutionProperties) = preSolution
		HideSolutionNode = FALSE
	EndGlobalSection
	GlobalSection(ExtensibilityGlobals) = postSolution
		SolutionGuid = {B8866795-BBF4-4270-BA0A-1DEEAAB22AA2}
	EndGlobalSection
EndGlobal
